
Microsoft Visual Studio Solution File, Format Version 12.00
# Visual Studio Version 17
VisualStudioVersion = 17.1.32210.238
MinimumVisualStudioVersion = 10.0.40219.1
Project("{FAE04EC0-301F-11D3-BF4B-00C04F79EFBC}") = "ChessLogic", "ChessLogic\ChessLogic.csproj", "{0F6775EA-AF40-4F43-AB59-FCA0A1BAA36A}"
EndProject
Project("{FAE04EC0-301F-11D3-BF4B-00C04F79EFBC}") = "ChessUI", "ChessUI\ChessUI.csproj", "{7FA6843A-0273-45FC-88D6-DDAC6806BCD5}"
EndProject
Global
	GlobalSection(SolutionConfigurationPlatforms) = preSolution
		Debug|Any CPU = Debug|Any CPU
		Release|Any CPU = Release|Any CPU
	EndGlobalSection
	GlobalSection(ProjectConfigurationPlatforms) = postSolution
		{0F6775EA-AF40-4F43-AB59-FCA0A1BAA36A}.Debug|Any CPU.ActiveCfg = Debug|Any CPU
		{0F6775EA-AF40-4F43-AB59-FCA0A1BAA36A}.Debug|Any CPU.Build.0 = Debug|Any CPU
		{0F6775EA-AF40-4F43-AB59-FCA0A1BAA36A}.Release|Any CPU.ActiveCfg = Release|Any CPU
		{0F6775EA-AF40-4F43-AB59-FCA0A1BAA36A}.Release|Any CPU.Build.0 = Release|Any CPU
		{7FA6843A-0273-45FC-88D6-DDAC6806BCD5}.Debug|Any CPU.ActiveCfg = Debug|Any CPU
		{7FA6843A-0273-45FC-88D6-DDAC6806BCD5}.Debug|Any CPU.Build.0 = Debug|Any CPU
		{7FA6843A-0273-45FC-88D6-DDAC6806BCD5}.Release|Any CPU.ActiveCfg = Release|Any CPU
		{7FA6843A-0273-45FC-88D6-DDAC6806BCD5}.Release|Any CPU.Build.0 = Release|Any CPU
	EndGlobalSection
	GlobalSection(SolutionProperties) = preSolution
		HideSolutionNode = FALSE
	EndGlobalSection
	GlobalSection(ExtensibilityGlobals) = postSolution
		SolutionGuid = {26935B37-8D61-45C6-8524-C0F30F440BA3}
	EndGlobalSection
EndGlobal
